
Microsoft Visual Studio Solution File, Format Version 12.00
# Visual Studio Version 17
VisualStudioVersion = 17.4.33213.308
MinimumVisualStudioVersion = 10.0.40219.1
Project("{9A19103F-16F7-4668-BE54-9A1E7A4F7556}") = "TransfocusAPI", "TransfocusAPI.csproj", "{816F2E02-87AF-4356-88A9-B20FAAD02DC9}"
EndProject
Global
	GlobalSection(SolutionConfigurationPlatforms) = preSolution
		Debug|Any CPU = Debug|Any CPU
		Release|Any CPU = Release|Any CPU
	EndGlobalSection
	GlobalSection(ProjectConfigurationPlatforms) = postSolution
		{816F2E02-87AF-4356-88A9-B20FAAD02DC9}.Debug|Any CPU.ActiveCfg = Debug|Any CPU
		{816F2E02-87AF-4356-88A9-B20FAAD02DC9}.Debug|Any CPU.Build.0 = Debug|Any CPU
		{816F2E02-87AF-4356-88A9-B20FAAD02DC9}.Release|Any CPU.ActiveCfg = Release|Any CPU
		{816F2E02-87AF-4356-88A9-B20FAAD02DC9}.Release|Any CPU.Build.0 = Release|Any CPU
	EndGlobalSection
	GlobalSection(SolutionProperties) = preSolution
		HideSolutionNode = FALSE
	EndGlobalSection
	GlobalSection(ExtensibilityGlobals) = postSolution
		SolutionGuid = {0F564E50-C4DF-468C-A506-B1E2F7608CCD}
	EndGlobalSection
EndGlobal
